// !$*UTF8*$!
{
	archiveVersion = 1;
	classes = {
	};
	objectVersion = 56;
	objects = {

/* Begin PBXBuildFile section */
		BF10C9B52A4A776A004F3BA3 /* RequestWitholdingTaxCertificateView.swift in Sources */ = {isa = PBXBuildFile; fileRef = BF10C9B22A4A776A004F3BA3 /* RequestWitholdingTaxCertificateView.swift */; };
		BF10C9B62A4A776A004F3BA3 /* ChooseFormView.swift in Sources */ = {isa = PBXBuildFile; fileRef = BF10C9B32A4A776A004F3BA3 /* ChooseFormView.swift */; };
		BF10C9B72A4A776A004F3BA3 /* Case3View.swift in Sources */ = {isa = PBXBuildFile; fileRef = BF10C9B42A4A776A004F3BA3 /* Case3View.swift */; };
		BF13506B2A528BD700700249 /* ChoosePTKPView.swift in Sources */ = {isa = PBXBuildFile; fileRef = BF13506A2A528BD700700249 /* ChoosePTKPView.swift */; };
		BFEB79B72A4135CE002A1A0B /* TaxStoryApp.swift in Sources */ = {isa = PBXBuildFile; fileRef = BFEB79B62A4135CE002A1A0B /* TaxStoryApp.swift */; };
		BFEB79B92A4135CE002A1A0B /* ContentView.swift in Sources */ = {isa = PBXBuildFile; fileRef = BFEB79B82A4135CE002A1A0B /* ContentView.swift */; };
		BFEB79BB2A4135CF002A1A0B /* Assets.xcassets in Resources */ = {isa = PBXBuildFile; fileRef = BFEB79BA2A4135CF002A1A0B /* Assets.xcassets */; };
		BFEB79BE2A4135CF002A1A0B /* Preview Assets.xcassets in Resources */ = {isa = PBXBuildFile; fileRef = BFEB79BD2A4135CF002A1A0B /* Preview Assets.xcassets */; };
		CD326AE62A53B26D00B76813 /* ReportAssetView.swift in Sources */ = {isa = PBXBuildFile; fileRef = CD326AE52A53B26D00B76813 /* ReportAssetView.swift */; };
		FA72FFF02A4BEA2500834A19 /* AnswerViewModel.swift in Sources */ = {isa = PBXBuildFile; fileRef = FA72FFEF2A4BEA2500834A19 /* AnswerViewModel.swift */; };
		FA72FFF22A4BEA4A00834A19 /* Word.swift in Sources */ = {isa = PBXBuildFile; fileRef = FA72FFF12A4BEA4A00834A19 /* Word.swift */; };
		FA72FFF42A4BEBE800834A19 /* Drop.swift in Sources */ = {isa = PBXBuildFile; fileRef = FA72FFF32A4BEBE800834A19 /* Drop.swift */; };
		FA7912DB2A4D8911009DCFBF /* Drag.swift in Sources */ = {isa = PBXBuildFile; fileRef = FA7912DA2A4D8911009DCFBF /* Drag.swift */; };
		FA7912DF2A4DE579009DCFBF /* MapCase.swift in Sources */ = {isa = PBXBuildFile; fileRef = FA7912DE2A4DE579009DCFBF /* MapCase.swift */; };
		FAF23A352A4ADFEB00AC2C6D /* FillForm.swift in Sources */ = {isa = PBXBuildFile; fileRef = FAF23A342A4ADFEB00AC2C6D /* FillForm.swift */; };
		FAF697452A455272009D7441 /* MainMenuStart.swift in Sources */ = {isa = PBXBuildFile; fileRef = FAF697442A455272009D7441 /* MainMenuStart.swift */; };
		FAF697472A4553E6009D7441 /* Constants.swift in Sources */ = {isa = PBXBuildFile; fileRef = FAF697462A4553E6009D7441 /* Constants.swift */; };
/* End PBXBuildFile section */

/* Begin PBXFileReference section */
		BF10C9B22A4A776A004F3BA3 /* RequestWitholdingTaxCertificateView.swift */ = {isa = PBXFileReference; fileEncoding = 4; lastKnownFileType = sourcecode.swift; path = RequestWitholdingTaxCertificateView.swift; sourceTree = "<group>"; };
		BF10C9B32A4A776A004F3BA3 /* ChooseFormView.swift */ = {isa = PBXFileReference; fileEncoding = 4; lastKnownFileType = sourcecode.swift; path = ChooseFormView.swift; sourceTree = "<group>"; };
		BF10C9B42A4A776A004F3BA3 /* Case3View.swift */ = {isa = PBXFileReference; fileEncoding = 4; lastKnownFileType = sourcecode.swift; path = Case3View.swift; sourceTree = "<group>"; };
		BF13506A2A528BD700700249 /* ChoosePTKPView.swift */ = {isa = PBXFileReference; lastKnownFileType = sourcecode.swift; path = ChoosePTKPView.swift; sourceTree = "<group>"; };
		BFEB79B32A4135CE002A1A0B /* TaxStory.app */ = {isa = PBXFileReference; explicitFileType = wrapper.application; includeInIndex = 0; path = TaxStory.app; sourceTree = BUILT_PRODUCTS_DIR; };
		BFEB79B62A4135CE002A1A0B /* TaxStoryApp.swift */ = {isa = PBXFileReference; lastKnownFileType = sourcecode.swift; path = TaxStoryApp.swift; sourceTree = "<group>"; };
		BFEB79B82A4135CE002A1A0B /* ContentView.swift */ = {isa = PBXFileReference; lastKnownFileType = sourcecode.swift; path = ContentView.swift; sourceTree = "<group>"; };
		BFEB79BA2A4135CF002A1A0B /* Assets.xcassets */ = {isa = PBXFileReference; lastKnownFileType = folder.assetcatalog; path = Assets.xcassets; sourceTree = "<group>"; };
		BFEB79BD2A4135CF002A1A0B /* Preview Assets.xcassets */ = {isa = PBXFileReference; lastKnownFileType = folder.assetcatalog; path = "Preview Assets.xcassets"; sourceTree = "<group>"; };
		CD326AE52A53B26D00B76813 /* ReportAssetView.swift */ = {isa = PBXFileReference; lastKnownFileType = sourcecode.swift; path = ReportAssetView.swift; sourceTree = "<group>"; };
		FA72FFEF2A4BEA2500834A19 /* AnswerViewModel.swift */ = {isa = PBXFileReference; lastKnownFileType = sourcecode.swift; path = AnswerViewModel.swift; sourceTree = "<group>"; };
		FA72FFF12A4BEA4A00834A19 /* Word.swift */ = {isa = PBXFileReference; lastKnownFileType = sourcecode.swift; path = Word.swift; sourceTree = "<group>"; };
		FA72FFF32A4BEBE800834A19 /* Drop.swift */ = {isa = PBXFileReference; lastKnownFileType = sourcecode.swift; path = Drop.swift; sourceTree = "<group>"; };
		FA7912DA2A4D8911009DCFBF /* Drag.swift */ = {isa = PBXFileReference; lastKnownFileType = sourcecode.swift; path = Drag.swift; sourceTree = "<group>"; };
		FA7912DE2A4DE579009DCFBF /* MapCase.swift */ = {isa = PBXFileReference; lastKnownFileType = sourcecode.swift; path = MapCase.swift; sourceTree = "<group>"; };
		FAF23A342A4ADFEB00AC2C6D /* FillForm.swift */ = {isa = PBXFileReference; lastKnownFileType = sourcecode.swift; path = FillForm.swift; sourceTree = "<group>"; };
		FAF697442A455272009D7441 /* MainMenuStart.swift */ = {isa = PBXFileReference; lastKnownFileType = sourcecode.swift; path = MainMenuStart.swift; sourceTree = "<group>"; };
		FAF697462A4553E6009D7441 /* Constants.swift */ = {isa = PBXFileReference; lastKnownFileType = sourcecode.swift; path = Constants.swift; sourceTree = "<group>"; };
/* End PBXFileReference section */

/* Begin PBXFrameworksBuildPhase section */
		BFEB79B02A4135CE002A1A0B /* Frameworks */ = {
			isa = PBXFrameworksBuildPhase;
			buildActionMask = 2147483647;
			files = (
			);
			runOnlyForDeploymentPostprocessing = 0;
		};
/* End PBXFrameworksBuildPhase section */

/* Begin PBXGroup section */
		BF10C9B12A4A776A004F3BA3 /* Case3 */ = {
			isa = PBXGroup;
			children = (
				BF10C9B22A4A776A004F3BA3 /* RequestWitholdingTaxCertificateView.swift */,
				BF10C9B32A4A776A004F3BA3 /* ChooseFormView.swift */,
				BF10C9B42A4A776A004F3BA3 /* Case3View.swift */,
				FAF23A342A4ADFEB00AC2C6D /* FillForm.swift */,
				BF13506A2A528BD700700249 /* ChoosePTKPView.swift */,
				CD326AE52A53B26D00B76813 /* ReportAssetView.swift */,
			);
			path = Case3;
			sourceTree = "<group>";
		};
		BFEB79AA2A4135CE002A1A0B = {
			isa = PBXGroup;
			children = (
				FAF697462A4553E6009D7441 /* Constants.swift */,
				BFEB79B52A4135CE002A1A0B /* TaxStory */,
				BFEB79B42A4135CE002A1A0B /* Products */,
			);
			sourceTree = "<group>";
		};
		BFEB79B42A4135CE002A1A0B /* Products */ = {
			isa = PBXGroup;
			children = (
				BFEB79B32A4135CE002A1A0B /* TaxStory.app */,
			);
			name = Products;
			sourceTree = "<group>";
		};
		BFEB79B52A4135CE002A1A0B /* TaxStory */ = {
			isa = PBXGroup;
			children = (
				FAF697422A45525C009D7441 /* Views */,
				BFEB79B82A4135CE002A1A0B /* ContentView.swift */,
				BFEB79B62A4135CE002A1A0B /* TaxStoryApp.swift */,
				BFEB79BA2A4135CF002A1A0B /* Assets.xcassets */,
				BFEB79BC2A4135CF002A1A0B /* Preview Content */,
				FA72FFEF2A4BEA2500834A19 /* AnswerViewModel.swift */,
				FA72FFF12A4BEA4A00834A19 /* Word.swift */,
			);
			path = TaxStory;
			sourceTree = "<group>";
		};
		BFEB79BC2A4135CF002A1A0B /* Preview Content */ = {
			isa = PBXGroup;
			children = (
				BFEB79BD2A4135CF002A1A0B /* Preview Assets.xcassets */,
			);
			path = "Preview Content";
			sourceTree = "<group>";
		};
		FA72FFE62A4BE7FF00834A19 /* Action */ = {
			isa = PBXGroup;
			children = (
				FA7912DA2A4D8911009DCFBF /* Drag.swift */,
				FA72FFF32A4BEBE800834A19 /* Drop.swift */,
			);
			path = Action;
			sourceTree = "<group>";
		};
		FA7912E02A4DE5DB009DCFBF /* MapCase */ = {
			isa = PBXGroup;
			children = (
				FA7912DE2A4DE579009DCFBF /* MapCase.swift */,
			);
			path = MapCase;
			sourceTree = "<group>";
		};
		FAF697422A45525C009D7441 /* Views */ = {
			isa = PBXGroup;
			children = (
				FA7912E02A4DE5DB009DCFBF /* MapCase */,
				FA72FFE62A4BE7FF00834A19 /* Action */,
				BF10C9B12A4A776A004F3BA3 /* Case3 */,
				FAF697432A455262009D7441 /* MainMenu */,
			);
			path = Views;
			sourceTree = "<group>";
		};
		FAF697432A455262009D7441 /* MainMenu */ = {
			isa = PBXGroup;
			children = (
				FAF697442A455272009D7441 /* MainMenuStart.swift */,
			);
			path = MainMenu;
			sourceTree = "<group>";
		};
/* End PBXGroup section */

/* Begin PBXNativeTarget section */
		BFEB79B22A4135CE002A1A0B /* TaxStory */ = {
			isa = PBXNativeTarget;
			buildConfigurationList = BFEB79C12A4135CF002A1A0B /* Build configuration list for PBXNativeTarget "TaxStory" */;
			buildPhases = (
				BFEB79AF2A4135CE002A1A0B /* Sources */,
				BFEB79B02A4135CE002A1A0B /* Frameworks */,
				BFEB79B12A4135CE002A1A0B /* Resources */,
			);
			buildRules = (
			);
			dependencies = (
			);
			name = TaxStory;
			productName = TaxStory;
			productReference = BFEB79B32A4135CE002A1A0B /* TaxStory.app */;
			productType = "com.apple.product-type.application";
		};
/* End PBXNativeTarget section */

/* Begin PBXProject section */
		BFEB79AB2A4135CE002A1A0B /* Project object */ = {
			isa = PBXProject;
			attributes = {
				BuildIndependentTargetsInParallel = 1;
				LastSwiftUpdateCheck = 1430;
				LastUpgradeCheck = 1430;
				TargetAttributes = {
					BFEB79B22A4135CE002A1A0B = {
						CreatedOnToolsVersion = 14.3.1;
					};
				};
			};
			buildConfigurationList = BFEB79AE2A4135CE002A1A0B /* Build configuration list for PBXProject "TaxStory" */;
			compatibilityVersion = "Xcode 14.0";
			developmentRegion = en;
			hasScannedForEncodings = 0;
			knownRegions = (
				en,
				Base,
			);
			mainGroup = BFEB79AA2A4135CE002A1A0B;
			productRefGroup = BFEB79B42A4135CE002A1A0B /* Products */;
			projectDirPath = "";
			projectRoot = "";
			targets = (
				BFEB79B22A4135CE002A1A0B /* TaxStory */,
			);
		};
/* End PBXProject section */

/* Begin PBXResourcesBuildPhase section */
		BFEB79B12A4135CE002A1A0B /* Resources */ = {
			isa = PBXResourcesBuildPhase;
			buildActionMask = 2147483647;
			files = (
				BFEB79BE2A4135CF002A1A0B /* Preview Assets.xcassets in Resources */,
				BFEB79BB2A4135CF002A1A0B /* Assets.xcassets in Resources */,
			);
			runOnlyForDeploymentPostprocessing = 0;
		};
/* End PBXResourcesBuildPhase section */

/* Begin PBXSourcesBuildPhase section */
		BFEB79AF2A4135CE002A1A0B /* Sources */ = {
			isa = PBXSourcesBuildPhase;
			buildActionMask = 2147483647;
			files = (
				FA72FFF22A4BEA4A00834A19 /* Word.swift in Sources */,
				FA72FFF02A4BEA2500834A19 /* AnswerViewModel.swift in Sources */,
				FAF23A352A4ADFEB00AC2C6D /* FillForm.swift in Sources */,
				FA7912DF2A4DE579009DCFBF /* MapCase.swift in Sources */,
				CD326AE62A53B26D00B76813 /* ReportAssetView.swift in Sources */,
				BF10C9B72A4A776A004F3BA3 /* Case3View.swift in Sources */,
				BFEB79B92A4135CE002A1A0B /* ContentView.swift in Sources */,
				BF13506B2A528BD700700249 /* ChoosePTKPView.swift in Sources */,
				BF10C9B62A4A776A004F3BA3 /* ChooseFormView.swift in Sources */,
				FAF697472A4553E6009D7441 /* Constants.swift in Sources */,
				BFEB79B72A4135CE002A1A0B /* TaxStoryApp.swift in Sources */,
				FAF697452A455272009D7441 /* MainMenuStart.swift in Sources */,
				BF10C9B52A4A776A004F3BA3 /* RequestWitholdingTaxCertificateView.swift in Sources */,
				FA72FFF42A4BEBE800834A19 /* Drop.swift in Sources */,
				FA7912DB2A4D8911009DCFBF /* Drag.swift in Sources */,
			);
			runOnlyForDeploymentPostprocessing = 0;
		};
/* End PBXSourcesBuildPhase section */

/* Begin XCBuildConfiguration section */
		BFEB79BF2A4135CF002A1A0B /* Debug */ = {
			isa = XCBuildConfiguration;
			buildSettings = {
				ALWAYS_SEARCH_USER_PATHS = NO;
				CLANG_ANALYZER_NONNULL = YES;
				CLANG_ANALYZER_NUMBER_OBJECT_CONVERSION = YES_AGGRESSIVE;
				CLANG_CXX_LANGUAGE_STANDARD = "gnu++20";
				CLANG_ENABLE_MODULES = YES;
				CLANG_ENABLE_OBJC_ARC = YES;
				CLANG_ENABLE_OBJC_WEAK = YES;
				CLANG_WARN_BLOCK_CAPTURE_AUTORELEASING = YES;
				CLANG_WARN_BOOL_CONVERSION = YES;
				CLANG_WARN_COMMA = YES;
				CLANG_WARN_CONSTANT_CONVERSION = YES;
				CLANG_WARN_DEPRECATED_OBJC_IMPLEMENTATIONS = YES;
				CLANG_WARN_DIRECT_OBJC_ISA_USAGE = YES_ERROR;
				CLANG_WARN_DOCUMENTATION_COMMENTS = YES;
				CLANG_WARN_EMPTY_BODY = YES;
				CLANG_WARN_ENUM_CONVERSION = YES;
				CLANG_WARN_INFINITE_RECURSION = YES;
				CLANG_WARN_INT_CONVERSION = YES;
				CLANG_WARN_NON_LITERAL_NULL_CONVERSION = YES;
				CLANG_WARN_OBJC_IMPLICIT_RETAIN_SELF = YES;
				CLANG_WARN_OBJC_LITERAL_CONVERSION = YES;
				CLANG_WARN_OBJC_ROOT_CLASS = YES_ERROR;
				CLANG_WARN_QUOTED_INCLUDE_IN_FRAMEWORK_HEADER = YES;
				CLANG_WARN_RANGE_LOOP_ANALYSIS = YES;
				CLANG_WARN_STRICT_PROTOTYPES = YES;
				CLANG_WARN_SUSPICIOUS_MOVE = YES;
				CLANG_WARN_UNGUARDED_AVAILABILITY = YES_AGGRESSIVE;
				CLANG_WARN_UNREACHABLE_CODE = YES;
				CLANG_WARN__DUPLICATE_METHOD_MATCH = YES;
				COPY_PHASE_STRIP = NO;
				DEBUG_INFORMATION_FORMAT = dwarf;
				ENABLE_STRICT_OBJC_MSGSEND = YES;
				ENABLE_TESTABILITY = YES;
				GCC_C_LANGUAGE_STANDARD = gnu11;
				GCC_DYNAMIC_NO_PIC = NO;
				GCC_NO_COMMON_BLOCKS = YES;
				GCC_OPTIMIZATION_LEVEL = 0;
				GCC_PREPROCESSOR_DEFINITIONS = (
					"DEBUG=1",
					"$(inherited)",
				);
				GCC_WARN_64_TO_32_BIT_CONVERSION = YES;
				GCC_WARN_ABOUT_RETURN_TYPE = YES_ERROR;
				GCC_WARN_UNDECLARED_SELECTOR = YES;
				GCC_WARN_UNINITIALIZED_AUTOS = YES_AGGRESSIVE;
				GCC_WARN_UNUSED_FUNCTION = YES;
				GCC_WARN_UNUSED_VARIABLE = YES;
				IPHONEOS_DEPLOYMENT_TARGET = 16.4;
				MTL_ENABLE_DEBUG_INFO = INCLUDE_SOURCE;
				MTL_FAST_MATH = YES;
				ONLY_ACTIVE_ARCH = YES;
				SDKROOT = iphoneos;
				SWIFT_ACTIVE_COMPILATION_CONDITIONS = DEBUG;
				SWIFT_OPTIMIZATION_LEVEL = "-Onone";
			};
			name = Debug;
		};
		BFEB79C02A4135CF002A1A0B /* Release */ = {
			isa = XCBuildConfiguration;
			buildSettings = {
				ALWAYS_SEARCH_USER_PATHS = NO;
				CLANG_ANALYZER_NONNULL = YES;
				CLANG_ANALYZER_NUMBER_OBJECT_CONVERSION = YES_AGGRESSIVE;
				CLANG_CXX_LANGUAGE_STANDARD = "gnu++20";
				CLANG_ENABLE_MODULES = YES;
				CLANG_ENABLE_OBJC_ARC = YES;
				CLANG_ENABLE_OBJC_WEAK = YES;
				CLANG_WARN_BLOCK_CAPTURE_AUTORELEASING = YES;
				CLANG_WARN_BOOL_CONVERSION = YES;
				CLANG_WARN_COMMA = YES;
				CLANG_WARN_CONSTANT_CONVERSION = YES;
				CLANG_WARN_DEPRECATED_OBJC_IMPLEMENTATIONS = YES;
				CLANG_WARN_DIRECT_OBJC_ISA_USAGE = YES_ERROR;
				CLANG_WARN_DOCUMENTATION_COMMENTS = YES;
				CLANG_WARN_EMPTY_BODY = YES;
				CLANG_WARN_ENUM_CONVERSION = YES;
				CLANG_WARN_INFINITE_RECURSION = YES;
				CLANG_WARN_INT_CONVERSION = YES;
				CLANG_WARN_NON_LITERAL_NULL_CONVERSION = YES;
				CLANG_WARN_OBJC_IMPLICIT_RETAIN_SELF = YES;
				CLANG_WARN_OBJC_LITERAL_CONVERSION = YES;
				CLANG_WARN_OBJC_ROOT_CLASS = YES_ERROR;
				CLANG_WARN_QUOTED_INCLUDE_IN_FRAMEWORK_HEADER = YES;
				CLANG_WARN_RANGE_LOOP_ANALYSIS = YES;
				CLANG_WARN_STRICT_PROTOTYPES = YES;
				CLANG_WARN_SUSPICIOUS_MOVE = YES;
				CLANG_WARN_UNGUARDED_AVAILABILITY = YES_AGGRESSIVE;
				CLANG_WARN_UNREACHABLE_CODE = YES;
				CLANG_WARN__DUPLICATE_METHOD_MATCH = YES;
				COPY_PHASE_STRIP = NO;
				DEBUG_INFORMATION_FORMAT = "dwarf-with-dsym";
				ENABLE_NS_ASSERTIONS = NO;
				ENABLE_STRICT_OBJC_MSGSEND = YES;
				GCC_C_LANGUAGE_STANDARD = gnu11;
				GCC_NO_COMMON_BLOCKS = YES;
				GCC_WARN_64_TO_32_BIT_CONVERSION = YES;
				GCC_WARN_ABOUT_RETURN_TYPE = YES_ERROR;
				GCC_WARN_UNDECLARED_SELECTOR = YES;
				GCC_WARN_UNINITIALIZED_AUTOS = YES_AGGRESSIVE;
				GCC_WARN_UNUSED_FUNCTION = YES;
				GCC_WARN_UNUSED_VARIABLE = YES;
				IPHONEOS_DEPLOYMENT_TARGET = 16.4;
				MTL_ENABLE_DEBUG_INFO = NO;
				MTL_FAST_MATH = YES;
				SDKROOT = iphoneos;
				SWIFT_COMPILATION_MODE = wholemodule;
				SWIFT_OPTIMIZATION_LEVEL = "-O";
				VALIDATE_PRODUCT = YES;
			};
			name = Release;
		};
		BFEB79C22A4135CF002A1A0B /* Debug */ = {
			isa = XCBuildConfiguration;
			buildSettings = {
				ASSETCATALOG_COMPILER_APPICON_NAME = AppIcon;
				ASSETCATALOG_COMPILER_GLOBAL_ACCENT_COLOR_NAME = AccentColor;
				CODE_SIGN_STYLE = Automatic;
				CURRENT_PROJECT_VERSION = 1;
				DEVELOPMENT_ASSET_PATHS = "\"TaxStory/Preview Content\"";
				ENABLE_PREVIEWS = YES;
				GENERATE_INFOPLIST_FILE = YES;
				INFOPLIST_KEY_UIApplicationSceneManifest_Generation = YES;
				INFOPLIST_KEY_UIApplicationSupportsIndirectInputEvents = YES;
				INFOPLIST_KEY_UILaunchScreen_Generation = YES;
				INFOPLIST_KEY_UISupportedInterfaceOrientations = UIInterfaceOrientationLandscapeRight;
				LD_RUNPATH_SEARCH_PATHS = (
					"$(inherited)",
					"@executable_path/Frameworks",
				);
				MARKETING_VERSION = 1.0;
				PRODUCT_BUNDLE_IDENTIFIER = com.timothy.TaxStory;
				PRODUCT_NAME = "$(TARGET_NAME)";
				SWIFT_EMIT_LOC_STRINGS = YES;
				SWIFT_VERSION = 5.0;
				TARGETED_DEVICE_FAMILY = "1,2";
			};
			name = Debug;
		};
		BFEB79C32A4135CF002A1A0B /* Release */ = {
			isa = XCBuildConfiguration;
			buildSettings = {
				ASSETCATALOG_COMPILER_APPICON_NAME = AppIcon;
				ASSETCATALOG_COMPILER_GLOBAL_ACCENT_COLOR_NAME = AccentColor;
				CODE_SIGN_STYLE = Automatic;
				CURRENT_PROJECT_VERSION = 1;
				DEVELOPMENT_ASSET_PATHS = "\"TaxStory/Preview Content\"";
				ENABLE_PREVIEWS = YES;
				GENERATE_INFOPLIST_FILE = YES;
				INFOPLIST_KEY_UIApplicationSceneManifest_Generation = YES;
				INFOPLIST_KEY_UIApplicationSupportsIndirectInputEvents = YES;
				INFOPLIST_KEY_UILaunchScreen_Generation = YES;
				INFOPLIST_KEY_UISupportedInterfaceOrientations = UIInterfaceOrientationLandscapeRight;
				LD_RUNPATH_SEARCH_PATHS = (
					"$(inherited)",
					"@executable_path/Frameworks",
				);
				MARKETING_VERSION = 1.0;
				PRODUCT_BUNDLE_IDENTIFIER = com.timothy.TaxStory;
				PRODUCT_NAME = "$(TARGET_NAME)";
				SWIFT_EMIT_LOC_STRINGS = YES;
				SWIFT_VERSION = 5.0;
				TARGETED_DEVICE_FAMILY = "1,2";
			};
			name = Release;
		};
/* End XCBuildConfiguration section */

/* Begin XCConfigurationList section */
		BFEB79AE2A4135CE002A1A0B /* Build configuration list for PBXProject "TaxStory" */ = {
			isa = XCConfigurationList;
			buildConfigurations = (
				BFEB79BF2A4135CF002A1A0B /* Debug */,
				BFEB79C02A4135CF002A1A0B /* Release */,
			);
			defaultConfigurationIsVisible = 0;
			defaultConfigurationName = Release;
		};
		BFEB79C12A4135CF002A1A0B /* Build configuration list for PBXNativeTarget "TaxStory" */ = {
			isa = XCConfigurationList;
			buildConfigurations = (
				BFEB79C22A4135CF002A1A0B /* Debug */,
				BFEB79C32A4135CF002A1A0B /* Release */,
			);
			defaultConfigurationIsVisible = 0;
			defaultConfigurationName = Release;
		};
/* End XCConfigurationList section */
	};
	rootObject = BFEB79AB2A4135CE002A1A0B /* Project object */;
}
